PODS:
  - couchbase-lite-ios (1.4.0):
    - couchbase-lite-ios/SQLite (= 1.4.0)
  - couchbase-lite-ios/SQLite (1.4.0)

DEPENDENCIES:
  - couchbase-lite-ios (~> 1.4.0)

SPEC CHECKSUMS:
  couchbase-lite-ios: 5b9f59ce74c2d981c41795f0949d31354d90c459

PODFILE CHECKSUM: 1af208a24d601d14068bf174272162af51a62cb7

COCOAPODS: 1.1.1
